
Microsoft Visual Studio Solution File, Format Version 12.00
# Visual Studio Version 16
VisualStudioVersion = 16.0.30406.217
MinimumVisualStudioVersion = 10.0.40219.1
Project("{FAE04EC0-301F-11D3-BF4B-00C04F79EFBC}") = "Act4_RedNuoronal", "Act4_RedNuoronal\Act4_RedNuoronal.csproj", "{9C0B6DC2-0853-4542-89B0-F0A639FB01A3}"
EndProject
Global
	GlobalSection(SolutionConfigurationPlatforms) = preSolution
		Debug|Any CPU = Debug|Any CPU
		Release|Any CPU = Release|Any CPU
	EndGlobalSection
	GlobalSection(ProjectConfigurationPlatforms) = postSolution
		{9C0B6DC2-0853-4542-89B0-F0A639FB01A3}.Debug|Any CPU.ActiveCfg = Debug|Any CPU
		{9C0B6DC2-0853-4542-89B0-F0A639FB01A3}.Debug|Any CPU.Build.0 = Debug|Any CPU
		{9C0B6DC2-0853-4542-89B0-F0A639FB01A3}.Release|Any CPU.ActiveCfg = Release|Any CPU
		{9C0B6DC2-0853-4542-89B0-F0A639FB01A3}.Release|Any CPU.Build.0 = Release|Any CPU
	EndGlobalSection
	GlobalSection(SolutionProperties) = preSolution
		HideSolutionNode = FALSE
	EndGlobalSection
	GlobalSection(ExtensibilityGlobals) = postSolution
		SolutionGuid = {068BE08A-28EC-497B-B30E-560785E12320}
	EndGlobalSection
EndGlobal
